
Microsoft Visual Studio Solution File, Format Version 12.00
# Visual Studio 2013
VisualStudioVersion = 12.0.40629.0
MinimumVisualStudioVersion = 10.0.40219.1
Project("{8BC9CEB8-8B4A-11D0-8D11-00A0C91BC942}") = "AppInitHook", "AppInitHook\AppInitHook.vcxproj", "{A108D891-3F29-4D6A-B47A-26B420676AD8}"
EndProject
Project("{8BC9CEB8-8B4A-11D0-8D11-00A0C91BC942}") = "TestLoader", "TestLoader\TestLoader.vcxproj", "{7905C7BA-A312-4071-BA8D-A7448FBDD873}"
EndProject
Project("{8BC9CEB8-8B4A-11D0-8D11-00A0C91BC942}") = "AppInitDispatcher", "AppInitDispatcher\AppInitDispatcher.vcxproj", "{3BFE6FF0-118D-4BD0-B6AB-6A9C370B0EBB}"
EndProject
Project("{8BC9CEB8-8B4A-11D0-8D11-00A0C91BC942}") = "AppInitExampleModule", "AppInitExampleModule\AppInitExampleModule.vcxproj", "{896EEC80-9CF5-4404-81D7-8318AA531A6B}"
EndProject
Project("{8BC9CEB8-8B4A-11D0-8D11-00A0C91BC942}") = "ConhostLoader", "ConhostLoader\ConhostLoader.vcxproj", "{D2D02670-FEE0-4F94-A88D-188CAC01DA5C}"
EndProject
Project("{8BC9CEB8-8B4A-11D0-8D11-00A0C91BC942}") = "CmdImproved", "CmdImproved\CmdImproved.vcxproj", "{31D1D58C-BD1A-4EEC-8F11-F31D22C29603}"
EndProject
Project("{8BC9CEB8-8B4A-11D0-8D11-00A0C91BC942}") = "WerfaultMagic", "WerfaultMagic\WerfaultMagic.vcxproj", "{967CA52A-7954-4B8E-A655-0EB5C0ADA36C}"
EndProject
Project("{8BC9CEB8-8B4A-11D0-8D11-00A0C91BC942}") = "ExitProcess", "ExitProcess\ExitProcess.vcxproj", "{0604AB20-614C-43C9-8AC1-5402F2F49304}"
EndProject
Project("{8BC9CEB8-8B4A-11D0-8D11-00A0C91BC942}") = "CemuMagic", "CemuMagic\CemuMagic.vcxproj", "{71BC2047-363E-4F6C-BE3E-6BDDDE687656}"
EndProject
Project("{8BC9CEB8-8B4A-11D0-8D11-00A0C91BC942}") = "NoSoftwareInventory", "NoSoftwareInventory\NoSoftwareInventory.vcxproj", "{2A7817C8-1677-4546-90B4-6570B7166CFD}"
EndProject
Project("{8BC9CEB8-8B4A-11D0-8D11-00A0C91BC942}") = "ForceQuit", "ForceQuit\ForceQuit.vcxproj", "{3DA5CDF3-0156-4843-9B96-B18258176EA3}"
EndProject
Project("{8BC9CEB8-8B4A-11D0-8D11-00A0C91BC942}") = "Pretendo", "Pretendo\Pretendo.vcxproj", "{F1793136-030E-424C-A2F2-58E5196FED1E}"
EndProject
Global
	GlobalSection(SolutionConfigurationPlatforms) = preSolution
		Debug|Win32 = Debug|Win32
		Debug|x64 = Debug|x64
		Release|Win32 = Release|Win32
		Release|x64 = Release|x64
	EndGlobalSection
	GlobalSection(ProjectConfigurationPlatforms) = postSolution
		{A108D891-3F29-4D6A-B47A-26B420676AD8}.Debug|Win32.ActiveCfg = Debug|Win32
		{A108D891-3F29-4D6A-B47A-26B420676AD8}.Debug|Win32.Build.0 = Debug|Win32
		{A108D891-3F29-4D6A-B47A-26B420676AD8}.Debug|x64.ActiveCfg = Debug|x64
		{A108D891-3F29-4D6A-B47A-26B420676AD8}.Debug|x64.Build.0 = Debug|x64
		{A108D891-3F29-4D6A-B47A-26B420676AD8}.Release|Win32.ActiveCfg = Release|Win32
		{A108D891-3F29-4D6A-B47A-26B420676AD8}.Release|Win32.Build.0 = Release|Win32
		{A108D891-3F29-4D6A-B47A-26B420676AD8}.Release|x64.ActiveCfg = Release|x64
		{A108D891-3F29-4D6A-B47A-26B420676AD8}.Release|x64.Build.0 = Release|x64
		{7905C7BA-A312-4071-BA8D-A7448FBDD873}.Debug|Win32.ActiveCfg = Debug|Win32
		{7905C7BA-A312-4071-BA8D-A7448FBDD873}.Debug|Win32.Build.0 = Debug|Win32
		{7905C7BA-A312-4071-BA8D-A7448FBDD873}.Debug|x64.ActiveCfg = Debug|x64
		{7905C7BA-A312-4071-BA8D-A7448FBDD873}.Debug|x64.Build.0 = Debug|x64
		{7905C7BA-A312-4071-BA8D-A7448FBDD873}.Release|Win32.ActiveCfg = Release|Win32
		{7905C7BA-A312-4071-BA8D-A7448FBDD873}.Release|Win32.Build.0 = Release|Win32
		{7905C7BA-A312-4071-BA8D-A7448FBDD873}.Release|x64.ActiveCfg = Release|x64
		{7905C7BA-A312-4071-BA8D-A7448FBDD873}.Release|x64.Build.0 = Release|x64
		{3BFE6FF0-118D-4BD0-B6AB-6A9C370B0EBB}.Debug|Win32.ActiveCfg = Debug|Win32
		{3BFE6FF0-118D-4BD0-B6AB-6A9C370B0EBB}.Debug|Win32.Build.0 = Debug|Win32
		{3BFE6FF0-118D-4BD0-B6AB-6A9C370B0EBB}.Debug|x64.ActiveCfg = Debug|x64
		{3BFE6FF0-118D-4BD0-B6AB-6A9C370B0EBB}.Debug|x64.Build.0 = Debug|x64
		{3BFE6FF0-118D-4BD0-B6AB-6A9C370B0EBB}.Release|Win32.ActiveCfg = Release|Win32
		{3BFE6FF0-118D-4BD0-B6AB-6A9C370B0EBB}.Release|Win32.Build.0 = Release|Win32
		{3BFE6FF0-118D-4BD0-B6AB-6A9C370B0EBB}.Release|x64.ActiveCfg = Release|x64
		{3BFE6FF0-118D-4BD0-B6AB-6A9C370B0EBB}.Release|x64.Build.0 = Release|x64
		{896EEC80-9CF5-4404-81D7-8318AA531A6B}.Debug|Win32.ActiveCfg = Debug|Win32
		{896EEC80-9CF5-4404-81D7-8318AA531A6B}.Debug|Win32.Build.0 = Debug|Win32
		{896EEC80-9CF5-4404-81D7-8318AA531A6B}.Debug|x64.ActiveCfg = Debug|x64
		{896EEC80-9CF5-4404-81D7-8318AA531A6B}.Debug|x64.Build.0 = Debug|x64
		{896EEC80-9CF5-4404-81D7-8318AA531A6B}.Release|Win32.ActiveCfg = Release|Win32
		{896EEC80-9CF5-4404-81D7-8318AA531A6B}.Release|Win32.Build.0 = Release|Win32
		{896EEC80-9CF5-4404-81D7-8318AA531A6B}.Release|x64.ActiveCfg = Release|x64
		{896EEC80-9CF5-4404-81D7-8318AA531A6B}.Release|x64.Build.0 = Release|x64
		{D2D02670-FEE0-4F94-A88D-188CAC01DA5C}.Debug|Win32.ActiveCfg = Debug|Win32
		{D2D02670-FEE0-4F94-A88D-188CAC01DA5C}.Debug|Win32.Build.0 = Debug|Win32
		{D2D02670-FEE0-4F94-A88D-188CAC01DA5C}.Debug|x64.ActiveCfg = Debug|x64
		{D2D02670-FEE0-4F94-A88D-188CAC01DA5C}.Debug|x64.Build.0 = Debug|x64
		{D2D02670-FEE0-4F94-A88D-188CAC01DA5C}.Release|Win32.ActiveCfg = Release|Win32
		{D2D02670-FEE0-4F94-A88D-188CAC01DA5C}.Release|Win32.Build.0 = Release|Win32
		{D2D02670-FEE0-4F94-A88D-188CAC01DA5C}.Release|x64.ActiveCfg = Release|x64
		{D2D02670-FEE0-4F94-A88D-188CAC01DA5C}.Release|x64.Build.0 = Release|x64
		{31D1D58C-BD1A-4EEC-8F11-F31D22C29603}.Debug|Win32.ActiveCfg = Debug|Win32
		{31D1D58C-BD1A-4EEC-8F11-F31D22C29603}.Debug|Win32.Build.0 = Debug|Win32
		{31D1D58C-BD1A-4EEC-8F11-F31D22C29603}.Debug|x64.ActiveCfg = Debug|x64
		{31D1D58C-BD1A-4EEC-8F11-F31D22C29603}.Debug|x64.Build.0 = Debug|x64
		{31D1D58C-BD1A-4EEC-8F11-F31D22C29603}.Release|Win32.ActiveCfg = Release|Win32
		{31D1D58C-BD1A-4EEC-8F11-F31D22C29603}.Release|Win32.Build.0 = Release|Win32
		{31D1D58C-BD1A-4EEC-8F11-F31D22C29603}.Release|x64.ActiveCfg = Release|x64
		{31D1D58C-BD1A-4EEC-8F11-F31D22C29603}.Release|x64.Build.0 = Release|x64
		{967CA52A-7954-4B8E-A655-0EB5C0ADA36C}.Debug|Win32.ActiveCfg = Debug|Win32
		{967CA52A-7954-4B8E-A655-0EB5C0ADA36C}.Debug|Win32.Build.0 = Debug|Win32
		{967CA52A-7954-4B8E-A655-0EB5C0ADA36C}.Debug|x64.ActiveCfg = Debug|x64
		{967CA52A-7954-4B8E-A655-0EB5C0ADA36C}.Debug|x64.Build.0 = Debug|x64
		{967CA52A-7954-4B8E-A655-0EB5C0ADA36C}.Release|Win32.ActiveCfg = Release|Win32
		{967CA52A-7954-4B8E-A655-0EB5C0ADA36C}.Release|Win32.Build.0 = Release|Win32
		{967CA52A-7954-4B8E-A655-0EB5C0ADA36C}.Release|x64.ActiveCfg = Release|x64
		{967CA52A-7954-4B8E-A655-0EB5C0ADA36C}.Release|x64.Build.0 = Release|x64
		{0604AB20-614C-43C9-8AC1-5402F2F49304}.Debug|Win32.ActiveCfg = Debug|Win32
		{0604AB20-614C-43C9-8AC1-5402F2F49304}.Debug|Win32.Build.0 = Debug|Win32
		{0604AB20-614C-43C9-8AC1-5402F2F49304}.Debug|x64.ActiveCfg = Debug|x64
		{0604AB20-614C-43C9-8AC1-5402F2F49304}.Debug|x64.Build.0 = Debug|x64
		{0604AB20-614C-43C9-8AC1-5402F2F49304}.Release|Win32.ActiveCfg = Release|Win32
		{0604AB20-614C-43C9-8AC1-5402F2F49304}.Release|Win32.Build.0 = Release|Win32
		{0604AB20-614C-43C9-8AC1-5402F2F49304}.Release|x64.ActiveCfg = Release|x64
		{0604AB20-614C-43C9-8AC1-5402F2F49304}.Release|x64.Build.0 = Release|x64
		{71BC2047-363E-4F6C-BE3E-6BDDDE687656}.Debug|Win32.ActiveCfg = Debug|Win32
		{71BC2047-363E-4F6C-BE3E-6BDDDE687656}.Debug|Win32.Build.0 = Debug|Win32
		{71BC2047-363E-4F6C-BE3E-6BDDDE687656}.Debug|x64.ActiveCfg = Debug|x64
		{71BC2047-363E-4F6C-BE3E-6BDDDE687656}.Debug|x64.Build.0 = Debug|x64
		{71BC2047-363E-4F6C-BE3E-6BDDDE687656}.Release|Win32.ActiveCfg = Release|Win32
		{71BC2047-363E-4F6C-BE3E-6BDDDE687656}.Release|Win32.Build.0 = Release|Win32
		{71BC2047-363E-4F6C-BE3E-6BDDDE687656}.Release|x64.ActiveCfg = Release|x64
		{71BC2047-363E-4F6C-BE3E-6BDDDE687656}.Release|x64.Build.0 = Release|x64
		{2A7817C8-1677-4546-90B4-6570B7166CFD}.Debug|Win32.ActiveCfg = Debug|Win32
		{2A7817C8-1677-4546-90B4-6570B7166CFD}.Debug|Win32.Build.0 = Debug|Win32
		{2A7817C8-1677-4546-90B4-6570B7166CFD}.Debug|x64.ActiveCfg = Debug|x64
		{2A7817C8-1677-4546-90B4-6570B7166CFD}.Debug|x64.Build.0 = Debug|x64
		{2A7817C8-1677-4546-90B4-6570B7166CFD}.Release|Win32.ActiveCfg = Release|Win32
		{2A7817C8-1677-4546-90B4-6570B7166CFD}.Release|Win32.Build.0 = Release|Win32
		{2A7817C8-1677-4546-90B4-6570B7166CFD}.Release|x64.ActiveCfg = Release|x64
		{2A7817C8-1677-4546-90B4-6570B7166CFD}.Release|x64.Build.0 = Release|x64
		{3DA5CDF3-0156-4843-9B96-B18258176EA3}.Debug|Win32.ActiveCfg = Debug|Win32
		{3DA5CDF3-0156-4843-9B96-B18258176EA3}.Debug|Win32.Build.0 = Debug|Win32
		{3DA5CDF3-0156-4843-9B96-B18258176EA3}.Debug|x64.ActiveCfg = Debug|x64
		{3DA5CDF3-0156-4843-9B96-B18258176EA3}.Debug|x64.Build.0 = Debug|x64
		{3DA5CDF3-0156-4843-9B96-B18258176EA3}.Release|Win32.ActiveCfg = Release|Win32
		{3DA5CDF3-0156-4843-9B96-B18258176EA3}.Release|Win32.Build.0 = Release|Win32
		{3DA5CDF3-0156-4843-9B96-B18258176EA3}.Release|x64.ActiveCfg = Release|x64
		{3DA5CDF3-0156-4843-9B96-B18258176EA3}.Release|x64.Build.0 = Release|x64
		{F1793136-030E-424C-A2F2-58E5196FED1E}.Debug|Win32.ActiveCfg = Debug|Win32
		{F1793136-030E-424C-A2F2-58E5196FED1E}.Debug|Win32.Build.0 = Debug|Win32
		{F1793136-030E-424C-A2F2-58E5196FED1E}.Debug|x64.ActiveCfg = Debug|x64
		{F1793136-030E-424C-A2F2-58E5196FED1E}.Debug|x64.Build.0 = Debug|x64
		{F1793136-030E-424C-A2F2-58E5196FED1E}.Release|Win32.ActiveCfg = Release|Win32
		{F1793136-030E-424C-A2F2-58E5196FED1E}.Release|Win32.Build.0 = Release|Win32
		{F1793136-030E-424C-A2F2-58E5196FED1E}.Release|x64.ActiveCfg = Release|x64
		{F1793136-030E-424C-A2F2-58E5196FED1E}.Release|x64.Build.0 = Release|x64
	EndGlobalSection
	GlobalSection(SolutionProperties) = preSolution
		HideSolutionNode = FALSE
	EndGlobalSection
	GlobalSection(ExtensibilityGlobals) = postSolution
		SolutionGuid = {FCA5519E-FC34-44F5-8363-9C5A5B3CD13E}
	EndGlobalSection
EndGlobal
