<?xml version="1.0" encoding="utf-8"?>
<Project ToolsVersion="4.0" xmlns="http://schemas.microsoft.com/developer/msbuild/2003">
  <ItemGroup>
    <Filter Include="Source Files">
      <UniqueIdentifier>{4FC737F1-C7A5-4376-A066-2A32D752A2FF}</UniqueIdentifier>
      <Extensions>cpp;c;cc;cxx;def;odl;idl;hpj;bat;asm;asmx</Extensions>
    </Filter>
    <Filter Include="Header Files">
      <UniqueIdentifier>{93995380-89BD-4b04-88EB-625FBE52EBFB}</UniqueIdentifier>
      <Extensions>h;hh;hpp;hxx;hm;inl;inc;xsd</Extensions>
    </Filter>
    <Filter Include="Resource Files">
      <UniqueIdentifier>{67DA6AB6-F800-4c08-8B7A-83BB121AAD01}</UniqueIdentifier>
      <Extensions>rc;ico;cur;bmp;dlg;rc2;rct;bin;rgs;gif;jpg;jpeg;jpe;resx;tiff;tif;png;wav;mfcribbon-ms</Extensions>
    </Filter>
    <Filter Include="Source Files\MinHook">
      <UniqueIdentifier>{38ff4eab-b577-4918-8d5e-279cb1631e2e}</UniqueIdentifier>
    </Filter>
    <Filter Include="Header Files\ntdll">
      <UniqueIdentifier>{8749cf5b-a2c4-4384-a1a2-fe91d3fba2ea}</UniqueIdentifier>
    </Filter>
    <Filter Include="Header Files\MinHook">
      <UniqueIdentifier>{ade53282-6032-4eb3-b3e2-28ba1c96b3af}</UniqueIdentifier>
    </Filter>
    <Filter Include="Header Files\MinHook\hde">
      <UniqueIdentifier>{77178c50-8cee-4fbb-96f1-b4600dede756}</UniqueIdentifier>
    </Filter>
    <Filter Include="Source Files\MinHook\hde">
      <UniqueIdentifier>{82d67143-3d51-4831-bb40-7d3703782077}</UniqueIdentifier>
    </Filter>
  </ItemGroup>
  <ItemGroup>
    <ClCompile Include="AppInitExampleModule.cpp">
      <Filter>Source Files</Filter>
    </ClCompile>
    <ClCompile Include="MinHook\hde\hde32.c">
      <Filter>Source Files\MinHook\hde</Filter>
    </ClCompile>
    <ClCompile Include="MinHook\hde\hde64.c">
      <Filter>Source Files\MinHook\hde</Filter>
    </ClCompile>
    <ClCompile Include="MinHook\buffer.c">
      <Filter>Source Files\MinHook</Filter>
    </ClCompile>
    <ClCompile Include="MinHook\hook.c">
      <Filter>Source Files\MinHook</Filter>
    </ClCompile>
    <ClCompile Include="MinHook\trampoline.c">
      <Filter>Source Files\MinHook</Filter>
    </ClCompile>
  </ItemGroup>
  <ItemGroup>
    <ClInclude Include="debug.h">
      <Filter>Header Files</Filter>
    </ClInclude>
    <ClInclude Include="ntdll\ntdll.h">
      <Filter>Header Files\ntdll</Filter>
    </ClInclude>
    <ClInclude Include="MinHook\MinHook.h">
      <Filter>Header Files\MinHook</Filter>
    </ClInclude>
    <ClInclude Include="MinHook\buffer.h">
      <Filter>Header Files\MinHook</Filter>
    </ClInclude>
    <ClInclude Include="MinHook\trampoline.h">
      <Filter>Header Files\MinHook</Filter>
    </ClInclude>
    <ClInclude Include="MinHook\hde\hde32.h">
      <Filter>Header Files\MinHook\hde</Filter>
    </ClInclude>
    <ClInclude Include="MinHook\hde\hde64.h">
      <Filter>Header Files\MinHook\hde</Filter>
    </ClInclude>
    <ClInclude Include="MinHook\hde\pstdint.h">
      <Filter>Header Files\MinHook\hde</Filter>
    </ClInclude>
    <ClInclude Include="MinHook\hde\table32.h">
      <Filter>Header Files\MinHook\hde</Filter>
    </ClInclude>
    <ClInclude Include="MinHook\hde\table64.h">
      <Filter>Header Files\MinHook\hde</Filter>
    </ClInclude>
  </ItemGroup>
</Project>